
Microsoft Visual Studio Solution File, Format Version 12.00
# Visual Studio Version 16
VisualStudioVersion = 16.0.33328.57
MinimumVisualStudioVersion = 10.0.40219.1
Project("{FAE04EC0-301F-11D3-BF4B-00C04F79EFBC}") = "CalcApiEnter", "CalcApiEnter\CalcApiEnter.csproj", "{62FD0D19-16D4-4A95-99AD-19E0A3AC88A6}"
EndProject
Global
	GlobalSection(SolutionConfigurationPlatforms) = preSolution
		Debug|Any CPU = Debug|Any CPU
		Release|Any CPU = Release|Any CPU
	EndGlobalSection
	GlobalSection(ProjectConfigurationPlatforms) = postSolution
		{62FD0D19-16D4-4A95-99AD-19E0A3AC88A6}.Debug|Any CPU.ActiveCfg = Debug|Any CPU
		{62FD0D19-16D4-4A95-99AD-19E0A3AC88A6}.Debug|Any CPU.Build.0 = Debug|Any CPU
		{62FD0D19-16D4-4A95-99AD-19E0A3AC88A6}.Release|Any CPU.ActiveCfg = Release|Any CPU
		{62FD0D19-16D4-4A95-99AD-19E0A3AC88A6}.Release|Any CPU.Build.0 = Release|Any CPU
	EndGlobalSection
	GlobalSection(SolutionProperties) = preSolution
		HideSolutionNode = FALSE
	EndGlobalSection
	GlobalSection(ExtensibilityGlobals) = postSolution
		SolutionGuid = {844B9D9B-AC03-4148-919C-AF172149A631}
	EndGlobalSection
EndGlobal
